
Microsoft Visual Studio Solution File, Format Version 12.00
# Visual Studio 15
VisualStudioVersion = 15.0.28307.271
MinimumVisualStudioVersion = 10.0.40219.1
Project("{FAE04EC0-301F-11D3-BF4B-00C04F79EFBC}") = "Registration", "Registration\Registration.csproj", "{EEA11E1C-7D16-42FD-9479-F9C3F291A76B}"
EndProject
Global
	GlobalSection(SolutionConfigurationPlatforms) = preSolution
		Debug|Any CPU = Debug|Any CPU
		Release|Any CPU = Release|Any CPU
	EndGlobalSection
	GlobalSection(ProjectConfigurationPlatforms) = postSolution
		{EEA11E1C-7D16-42FD-9479-F9C3F291A76B}.Debug|Any CPU.ActiveCfg = Debug|Any CPU
		{EEA11E1C-7D16-42FD-9479-F9C3F291A76B}.Debug|Any CPU.Build.0 = Debug|Any CPU
		{EEA11E1C-7D16-42FD-9479-F9C3F291A76B}.Release|Any CPU.ActiveCfg = Release|Any CPU
		{EEA11E1C-7D16-42FD-9479-F9C3F291A76B}.Release|Any CPU.Build.0 = Release|Any CPU
	EndGlobalSection
	GlobalSection(SolutionProperties) = preSolution
		HideSolutionNode = FALSE
	EndGlobalSection
	GlobalSection(ExtensibilityGlobals) = postSolution
		SolutionGuid = {DCB73FED-1DA8-4B92-AED2-96172D05AC3D}
	EndGlobalSection
EndGlobal
